
Microsoft Visual Studio Solution File, Format Version 12.00
# Visual Studio 15
VisualStudioVersion = 15.0.27130.2036
MinimumVisualStudioVersion = 10.0.40219.1
Project("{FAE04EC0-301F-11D3-BF4B-00C04F79EFBC}") = "AzureDistributedTesting", "AzureDistributedTesting\AzureDistributedTesting.csproj", "{25598191-A7C6-48D2-BD47-0587F5377944}"
EndProject
Global
	GlobalSection(SolutionConfigurationPlatforms) = preSolution
		Debug|Any CPU = Debug|Any CPU
		Release|Any CPU = Release|Any CPU
	EndGlobalSection
	GlobalSection(ProjectConfigurationPlatforms) = postSolution
		{25598191-A7C6-48D2-BD47-0587F5377944}.Debug|Any CPU.ActiveCfg = Debug|Any CPU
		{25598191-A7C6-48D2-BD47-0587F5377944}.Debug|Any CPU.Build.0 = Debug|Any CPU
		{25598191-A7C6-48D2-BD47-0587F5377944}.Release|Any CPU.ActiveCfg = Release|Any CPU
		{25598191-A7C6-48D2-BD47-0587F5377944}.Release|Any CPU.Build.0 = Release|Any CPU
	EndGlobalSection
	GlobalSection(SolutionProperties) = preSolution
		HideSolutionNode = FALSE
	EndGlobalSection
	GlobalSection(ExtensibilityGlobals) = postSolution
		SolutionGuid = {51CA2581-8560-4CC0-8C09-0F6A88D061F2}
	EndGlobalSection
EndGlobal
